
Microsoft Visual Studio Solution File, Format Version 10.00
# Visual Studio 2008
Project("{8BC9CEB8-8B4A-11D0-8D11-00A0C91BC942}") = "TEST", "TEST\TEST.vcproj", "{A7965047-CBF8-442E-B223-5CC041355794}"
	ProjectSection(ProjectDependencies) = postProject
		{4772821B-D66A-4C25-9D16-C719448E8BDC} = {4772821B-D66A-4C25-9D16-C719448E8BDC}
	EndProjectSection
EndProject
Project("{8BC9CEB8-8B4A-11D0-8D11-00A0C91BC942}") = "libCL", "libCL.vcproj", "{4772821B-D66A-4C25-9D16-C719448E8BDC}"
EndProject
Global
	GlobalSection(SolutionConfigurationPlatforms) = preSolution
		Debug|Win32 = Debug|Win32
		Release|Win32 = Release|Win32
	EndGlobalSection
	GlobalSection(ProjectConfigurationPlatforms) = postSolution
		{4772821B-D66A-4C25-9D16-C719448E8BDC}.Debug|Win32.ActiveCfg = Debug|Win32
		{4772821B-D66A-4C25-9D16-C719448E8BDC}.Debug|Win32.Build.0 = Debug|Win32
		{4772821B-D66A-4C25-9D16-C719448E8BDC}.Release|Win32.ActiveCfg = Release|Win32
		{4772821B-D66A-4C25-9D16-C719448E8BDC}.Release|Win32.Build.0 = Release|Win32
		{A7965047-CBF8-442E-B223-5CC041355794}.Debug|Win32.ActiveCfg = Debug|Win32
		{A7965047-CBF8-442E-B223-5CC041355794}.Debug|Win32.Build.0 = Debug|Win32
		{A7965047-CBF8-442E-B223-5CC041355794}.Release|Win32.ActiveCfg = Release|Win32
		{A7965047-CBF8-442E-B223-5CC041355794}.Release|Win32.Build.0 = Release|Win32
	EndGlobalSection
	GlobalSection(SolutionProperties) = preSolution
		HideSolutionNode = FALSE
	EndGlobalSection
EndGlobal
